// !$*UTF8*$!
{
	archiveVersion = 1;
	classes = {
	};
	objectVersion = 56;
	objects = {

/* Begin PBXBuildFile section */
		A10000000000000000000001 /* AntigravityRadarApp.swift in Sources */ = {isa = PBXBuildFile; fileRef = F10000000000000000000001 /* AntigravityRadarApp.swift */; };
		A10000000000000000000002 /* ContentView.swift in Sources */ = {isa = PBXBuildFile; fileRef = F10000000000000000000002 /* ContentView.swift */; };
		A10000000000000000000003 /* RadarWidgetModels.swift in Sources */ = {isa = PBXBuildFile; fileRef = F10000000000000000000003 /* RadarWidgetModels.swift */; };
		A10000000000000000000004 /* RadarFeedStore.swift in Sources */ = {isa = PBXBuildFile; fileRef = F10000000000000000000004 /* RadarFeedStore.swift */; };
		A10000000000000000000005 /* radar-widget-feed.json in Resources */ = {isa = PBXBuildFile; fileRef = F10000000000000000000007 /* radar-widget-feed.json */; };
		A10000000000000000000006 /* SwiftUI.framework in Frameworks */ = {isa = PBXBuildFile; fileRef = F10000000000000000000010 /* SwiftUI.framework */; };
		A10000000000000000000007 /* RadarDiarioWidget.appex in Embed App Extensions */ = {isa = PBXBuildFile; fileRef = F10000000000000000000009 /* RadarDiarioWidget.appex */; settings = {ATTRIBUTES = (CodeSignOnCopy, RemoveHeadersOnCopy, ); }; };
		A20000000000000000000001 /* RadarDiarioWidget.swift in Sources */ = {isa = PBXBuildFile; fileRef = F10000000000000000000005 /* RadarDiarioWidget.swift */; };
		A20000000000000000000002 /* RadarDiarioWidgetBundle.swift in Sources */ = {isa = PBXBuildFile; fileRef = F10000000000000000000006 /* RadarDiarioWidgetBundle.swift */; };
		A20000000000000000000003 /* RadarWidgetModels.swift in Sources */ = {isa = PBXBuildFile; fileRef = F10000000000000000000003 /* RadarWidgetModels.swift */; };
		A20000000000000000000004 /* RadarFeedStore.swift in Sources */ = {isa = PBXBuildFile; fileRef = F10000000000000000000004 /* RadarFeedStore.swift */; };
		A20000000000000000000005 /* radar-widget-feed.json in Resources */ = {isa = PBXBuildFile; fileRef = F10000000000000000000007 /* radar-widget-feed.json */; };
		A20000000000000000000006 /* SwiftUI.framework in Frameworks */ = {isa = PBXBuildFile; fileRef = F10000000000000000000010 /* SwiftUI.framework */; };
		A20000000000000000000007 /* WidgetKit.framework in Frameworks */ = {isa = PBXBuildFile; fileRef = F10000000000000000000011 /* WidgetKit.framework */; };
/* End PBXBuildFile section */

/* Begin PBXContainerItemProxy section */
		B10000000000000000000001 /* PBXContainerItemProxy */ = {
			isa = PBXContainerItemProxy;
			containerPortal = P10000000000000000000001 /* Project object */;
			proxyType = 1;
			remoteGlobalIDString = T20000000000000000000001;
			remoteInfo = RadarDiarioWidget;
		};
/* End PBXContainerItemProxy section */

/* Begin PBXCopyFilesBuildPhase section */
		C10000000000000000000001 /* Embed App Extensions */ = {
			isa = PBXCopyFilesBuildPhase;
			buildActionMask = 2147483647;
			dstPath = "";
			dstSubfolderSpec = 13;
			files = (
				A10000000000000000000007 /* RadarDiarioWidget.appex in Embed App Extensions */,
			);
			name = "Embed App Extensions";
			runOnlyForDeploymentPostprocessing = 0;
		};
/* End PBXCopyFilesBuildPhase section */

/* Begin PBXFileReference section */
		F10000000000000000000001 /* AntigravityRadarApp.swift */ = {isa = PBXFileReference; lastKnownFileType = sourcecode.swift; path = AntigravityRadarApp.swift; sourceTree = "<group>"; };
		F10000000000000000000002 /* ContentView.swift */ = {isa = PBXFileReference; lastKnownFileType = sourcecode.swift; path = ContentView.swift; sourceTree = "<group>"; };
		F10000000000000000000003 /* RadarWidgetModels.swift */ = {isa = PBXFileReference; lastKnownFileType = sourcecode.swift; path = RadarWidgetModels.swift; sourceTree = "<group>"; };
		F10000000000000000000004 /* RadarFeedStore.swift */ = {isa = PBXFileReference; lastKnownFileType = sourcecode.swift; path = RadarFeedStore.swift; sourceTree = "<group>"; };
		F10000000000000000000005 /* RadarDiarioWidget.swift */ = {isa = PBXFileReference; lastKnownFileType = sourcecode.swift; path = RadarDiarioWidget.swift; sourceTree = "<group>"; };
		F10000000000000000000006 /* RadarDiarioWidgetBundle.swift */ = {isa = PBXFileReference; lastKnownFileType = sourcecode.swift; path = RadarDiarioWidgetBundle.swift; sourceTree = "<group>"; };
		F10000000000000000000007 /* radar-widget-feed.json */ = {isa = PBXFileReference; lastKnownFileType = text.json; name = radar-widget-feed.json; path = ../../15_Radar_Cientifico/data/radar-widget-feed.json; sourceTree = "<group>"; };
		F10000000000000000000008 /* AntigravityRadar.app */ = {isa = PBXFileReference; explicitFileType = wrapper.application; includeInIndex = 0; path = AntigravityRadar.app; sourceTree = BUILT_PRODUCTS_DIR; };
		F10000000000000000000009 /* RadarDiarioWidget.appex */ = {isa = PBXFileReference; explicitFileType = "wrapper.app-extension"; includeInIndex = 0; path = RadarDiarioWidget.appex; sourceTree = BUILT_PRODUCTS_DIR; };
		F10000000000000000000010 /* SwiftUI.framework */ = {isa = PBXFileReference; lastKnownFileType = wrapper.framework; name = SwiftUI.framework; path = System/Library/Frameworks/SwiftUI.framework; sourceTree = SDKROOT; };
		F10000000000000000000011 /* WidgetKit.framework */ = {isa = PBXFileReference; lastKnownFileType = wrapper.framework; name = WidgetKit.framework; path = System/Library/Frameworks/WidgetKit.framework; sourceTree = SDKROOT; };
		F10000000000000000000012 /* Info.plist */ = {isa = PBXFileReference; lastKnownFileType = text.plist.xml; path = Info.plist; sourceTree = "<group>"; };
		F10000000000000000000013 /* AntigravityRadar.entitlements */ = {isa = PBXFileReference; lastKnownFileType = text.plist.entitlements; path = AntigravityRadar.entitlements; sourceTree = "<group>"; };
		F10000000000000000000014 /* Info.plist */ = {isa = PBXFileReference; lastKnownFileType = text.plist.xml; path = Info.plist; sourceTree = "<group>"; };
		F10000000000000000000015 /* RadarDiarioWidget.entitlements */ = {isa = PBXFileReference; lastKnownFileType = text.plist.entitlements; path = RadarDiarioWidget.entitlements; sourceTree = "<group>"; };
		F10000000000000000000016 /* README.md */ = {isa = PBXFileReference; lastKnownFileType = net.daringfireball.markdown; path = README.md; sourceTree = "<group>"; };
		F10000000000000000000017 /* project.yml */ = {isa = PBXFileReference; lastKnownFileType = text.yaml; path = project.yml; sourceTree = "<group>"; };
		F10000000000000000000018 /* native-widget.manifest.json */ = {isa = PBXFileReference; lastKnownFileType = text.json; path = native-widget.manifest.json; sourceTree = "<group>"; };
/* End PBXFileReference section */

/* Begin PBXFrameworksBuildPhase section */
		D10000000000000000000001 /* Frameworks */ = {
			isa = PBXFrameworksBuildPhase;
			buildActionMask = 2147483647;
			files = (
				A10000000000000000000006 /* SwiftUI.framework in Frameworks */,
			);
			runOnlyForDeploymentPostprocessing = 0;
		};
		D20000000000000000000001 /* Frameworks */ = {
			isa = PBXFrameworksBuildPhase;
			buildActionMask = 2147483647;
			files = (
				A20000000000000000000006 /* SwiftUI.framework in Frameworks */,
				A20000000000000000000007 /* WidgetKit.framework in Frameworks */,
			);
			runOnlyForDeploymentPostprocessing = 0;
		};
/* End PBXFrameworksBuildPhase section */

/* Begin PBXGroup section */
		G10000000000000000000001 = {
			isa = PBXGroup;
			children = (
				G10000000000000000000002 /* App */,
				G10000000000000000000003 /* Shared */,
				G10000000000000000000004 /* Widget */,
				G10000000000000000000005 /* Resources */,
				G10000000000000000000006 /* Frameworks */,
				G10000000000000000000007 /* Products */,
				F10000000000000000000016 /* README.md */,
				F10000000000000000000017 /* project.yml */,
				F10000000000000000000018 /* native-widget.manifest.json */,
			);
			sourceTree = "<group>";
		};
		G10000000000000000000002 /* App */ = {
			isa = PBXGroup;
			children = (
				F10000000000000000000001 /* AntigravityRadarApp.swift */,
				F10000000000000000000002 /* ContentView.swift */,
				F10000000000000000000012 /* Info.plist */,
				F10000000000000000000013 /* AntigravityRadar.entitlements */,
			);
			path = App;
			sourceTree = "<group>";
		};
		G10000000000000000000003 /* Shared */ = {
			isa = PBXGroup;
			children = (
				F10000000000000000000003 /* RadarWidgetModels.swift */,
				F10000000000000000000004 /* RadarFeedStore.swift */,
			);
			path = Shared;
			sourceTree = "<group>";
		};
		G10000000000000000000004 /* Widget */ = {
			isa = PBXGroup;
			children = (
				F10000000000000000000005 /* RadarDiarioWidget.swift */,
				F10000000000000000000006 /* RadarDiarioWidgetBundle.swift */,
				F10000000000000000000014 /* Info.plist */,
				F10000000000000000000015 /* RadarDiarioWidget.entitlements */,
			);
			path = Widget;
			sourceTree = "<group>";
		};
		G10000000000000000000005 /* Resources */ = {
			isa = PBXGroup;
			children = (
				F10000000000000000000007 /* radar-widget-feed.json */,
			);
			name = Resources;
			sourceTree = "<group>";
		};
		G10000000000000000000006 /* Frameworks */ = {
			isa = PBXGroup;
			children = (
				F10000000000000000000010 /* SwiftUI.framework */,
				F10000000000000000000011 /* WidgetKit.framework */,
			);
			name = Frameworks;
			sourceTree = "<group>";
		};
		G10000000000000000000007 /* Products */ = {
			isa = PBXGroup;
			children = (
				F10000000000000000000008 /* AntigravityRadar.app */,
				F10000000000000000000009 /* RadarDiarioWidget.appex */,
			);
			name = Products;
			sourceTree = "<group>";
		};
/* End PBXGroup section */

/* Begin PBXNativeTarget section */
		T10000000000000000000001 /* AntigravityRadar */ = {
			isa = PBXNativeTarget;
			buildConfigurationList = L10000000000000000000002 /* Build configuration list for PBXNativeTarget "AntigravityRadar" */;
			buildPhases = (
				S10000000000000000000001 /* Sources */,
				D10000000000000000000001 /* Frameworks */,
				R10000000000000000000001 /* Resources */,
				C10000000000000000000001 /* Embed App Extensions */,
			);
			buildRules = (
			);
			dependencies = (
				Y10000000000000000000001 /* PBXTargetDependency */,
			);
			name = AntigravityRadar;
			productName = AntigravityRadar;
			productReference = F10000000000000000000008 /* AntigravityRadar.app */;
			productType = "com.apple.product-type.application";
		};
		T20000000000000000000001 /* RadarDiarioWidget */ = {
			isa = PBXNativeTarget;
			buildConfigurationList = L10000000000000000000003 /* Build configuration list for PBXNativeTarget "RadarDiarioWidget" */;
			buildPhases = (
				S20000000000000000000001 /* Sources */,
				D20000000000000000000001 /* Frameworks */,
				R20000000000000000000001 /* Resources */,
			);
			buildRules = (
			);
			dependencies = (
			);
			name = RadarDiarioWidget;
			productName = RadarDiarioWidget;
			productReference = F10000000000000000000009 /* RadarDiarioWidget.appex */;
			productType = "com.apple.product-type.app-extension";
		};
/* End PBXNativeTarget section */

/* Begin PBXProject section */
		P10000000000000000000001 /* Project object */ = {
			isa = PBXProject;
			attributes = {
				BuildIndependentTargetsInParallel = 1;
				LastSwiftUpdateCheck = 1600;
				LastUpgradeCheck = 1600;
				TargetAttributes = {
					T10000000000000000000001 = {
						CreatedOnToolsVersion = 16.0;
						ProvisioningStyle = Automatic;
					};
					T20000000000000000000001 = {
						CreatedOnToolsVersion = 16.0;
						ProvisioningStyle = Automatic;
					};
				};
			};
			buildConfigurationList = L10000000000000000000001 /* Build configuration list for PBXProject "AntigravityRadar" */;
			compatibilityVersion = "Xcode 14.0";
			developmentRegion = pt_BR;
			hasScannedForEncodings = 0;
			knownRegions = (
				pt_BR,
				Base,
			);
			mainGroup = G10000000000000000000001;
			productRefGroup = G10000000000000000000007 /* Products */;
			projectDirPath = "";
			projectRoot = "";
			targets = (
				T10000000000000000000001 /* AntigravityRadar */,
				T20000000000000000000001 /* RadarDiarioWidget */,
			);
		};
/* End PBXProject section */

/* Begin PBXResourcesBuildPhase section */
		R10000000000000000000001 /* Resources */ = {
			isa = PBXResourcesBuildPhase;
			buildActionMask = 2147483647;
			files = (
				A10000000000000000000005 /* radar-widget-feed.json in Resources */,
			);
			runOnlyForDeploymentPostprocessing = 0;
		};
		R20000000000000000000001 /* Resources */ = {
			isa = PBXResourcesBuildPhase;
			buildActionMask = 2147483647;
			files = (
				A20000000000000000000005 /* radar-widget-feed.json in Resources */,
			);
			runOnlyForDeploymentPostprocessing = 0;
		};
/* End PBXResourcesBuildPhase section */

/* Begin PBXSourcesBuildPhase section */
		S10000000000000000000001 /* Sources */ = {
			isa = PBXSourcesBuildPhase;
			buildActionMask = 2147483647;
			files = (
				A10000000000000000000001 /* AntigravityRadarApp.swift in Sources */,
				A10000000000000000000002 /* ContentView.swift in Sources */,
				A10000000000000000000003 /* RadarWidgetModels.swift in Sources */,
				A10000000000000000000004 /* RadarFeedStore.swift in Sources */,
			);
			runOnlyForDeploymentPostprocessing = 0;
		};
		S20000000000000000000001 /* Sources */ = {
			isa = PBXSourcesBuildPhase;
			buildActionMask = 2147483647;
			files = (
				A20000000000000000000001 /* RadarDiarioWidget.swift in Sources */,
				A20000000000000000000002 /* RadarDiarioWidgetBundle.swift in Sources */,
				A20000000000000000000003 /* RadarWidgetModels.swift in Sources */,
				A20000000000000000000004 /* RadarFeedStore.swift in Sources */,
			);
			runOnlyForDeploymentPostprocessing = 0;
		};
/* End PBXSourcesBuildPhase section */

/* Begin PBXTargetDependency section */
		Y10000000000000000000001 /* PBXTargetDependency */ = {
			isa = PBXTargetDependency;
			target = T20000000000000000000001 /* RadarDiarioWidget */;
			targetProxy = B10000000000000000000001 /* PBXContainerItemProxy */;
		};
/* End PBXTargetDependency section */

/* Begin XCBuildConfiguration section */
		X10000000000000000000001 /* Debug */ = {
			isa = XCBuildConfiguration;
			buildSettings = {
				ALWAYS_SEARCH_USER_PATHS = NO;
				CLANG_ENABLE_MODULES = YES;
				CLANG_ENABLE_OBJC_ARC = YES;
				IPHONEOS_DEPLOYMENT_TARGET = 17.0;
				ONLY_ACTIVE_ARCH = YES;
				SDKROOT = iphoneos;
				SWIFT_ACTIVE_COMPILATION_CONDITIONS = "DEBUG $(inherited)";
				SWIFT_OPTIMIZATION_LEVEL = "-Onone";
				SWIFT_VERSION = 5.9;
			};
			name = Debug;
		};
		X10000000000000000000002 /* Release */ = {
			isa = XCBuildConfiguration;
			buildSettings = {
				ALWAYS_SEARCH_USER_PATHS = NO;
				CLANG_ENABLE_MODULES = YES;
				CLANG_ENABLE_OBJC_ARC = YES;
				IPHONEOS_DEPLOYMENT_TARGET = 17.0;
				SDKROOT = iphoneos;
				SWIFT_COMPILATION_MODE = wholemodule;
				SWIFT_OPTIMIZATION_LEVEL = "-O";
				SWIFT_VERSION = 5.9;
			};
			name = Release;
		};
		X10000000000000000000003 /* Debug */ = {
			isa = XCBuildConfiguration;
			buildSettings = {
				CODE_SIGN_ENTITLEMENTS = App/AntigravityRadar.entitlements;
				CODE_SIGN_STYLE = Automatic;
				CURRENT_PROJECT_VERSION = 1;
				ENABLE_PREVIEWS = YES;
				GENERATE_INFOPLIST_FILE = NO;
				INFOPLIST_FILE = App/Info.plist;
				IPHONEOS_DEPLOYMENT_TARGET = 17.0;
				LD_RUNPATH_SEARCH_PATHS = "$(inherited) @executable_path/Frameworks";
				MARKETING_VERSION = 1.0.0;
				PRODUCT_BUNDLE_IDENTIFIER = com.aldenirfilho.antigravity.radar;
				PRODUCT_NAME = "$(TARGET_NAME)";
				SUPPORTED_PLATFORMS = "iphoneos iphonesimulator";
				SUPPORTS_MACCATALYST = NO;
				SWIFT_EMIT_LOC_STRINGS = YES;
				TARGETED_DEVICE_FAMILY = "1,2";
			};
			name = Debug;
		};
		X10000000000000000000004 /* Release */ = {
			isa = XCBuildConfiguration;
			buildSettings = {
				CODE_SIGN_ENTITLEMENTS = App/AntigravityRadar.entitlements;
				CODE_SIGN_STYLE = Automatic;
				CURRENT_PROJECT_VERSION = 1;
				ENABLE_PREVIEWS = YES;
				GENERATE_INFOPLIST_FILE = NO;
				INFOPLIST_FILE = App/Info.plist;
				IPHONEOS_DEPLOYMENT_TARGET = 17.0;
				LD_RUNPATH_SEARCH_PATHS = "$(inherited) @executable_path/Frameworks";
				MARKETING_VERSION = 1.0.0;
				PRODUCT_BUNDLE_IDENTIFIER = com.aldenirfilho.antigravity.radar;
				PRODUCT_NAME = "$(TARGET_NAME)";
				SUPPORTED_PLATFORMS = "iphoneos iphonesimulator";
				SUPPORTS_MACCATALYST = NO;
				SWIFT_EMIT_LOC_STRINGS = YES;
				TARGETED_DEVICE_FAMILY = "1,2";
			};
			name = Release;
		};
		X20000000000000000000001 /* Debug */ = {
			isa = XCBuildConfiguration;
			buildSettings = {
				APPLICATION_EXTENSION_API_ONLY = YES;
				CODE_SIGN_ENTITLEMENTS = Widget/RadarDiarioWidget.entitlements;
				CODE_SIGN_STYLE = Automatic;
				CURRENT_PROJECT_VERSION = 1;
				ENABLE_PREVIEWS = YES;
				GENERATE_INFOPLIST_FILE = NO;
				INFOPLIST_FILE = Widget/Info.plist;
				IPHONEOS_DEPLOYMENT_TARGET = 17.0;
				LD_RUNPATH_SEARCH_PATHS = "$(inherited) @executable_path/Frameworks @executable_path/../../Frameworks";
				MARKETING_VERSION = 1.0.0;
				PRODUCT_BUNDLE_IDENTIFIER = com.aldenirfilho.antigravity.radar.widget;
				PRODUCT_NAME = "$(TARGET_NAME)";
				SKIP_INSTALL = YES;
				SUPPORTED_PLATFORMS = "iphoneos iphonesimulator";
				SUPPORTS_MACCATALYST = NO;
				SWIFT_EMIT_LOC_STRINGS = YES;
				TARGETED_DEVICE_FAMILY = "1,2";
			};
			name = Debug;
		};
		X20000000000000000000002 /* Release */ = {
			isa = XCBuildConfiguration;
			buildSettings = {
				APPLICATION_EXTENSION_API_ONLY = YES;
				CODE_SIGN_ENTITLEMENTS = Widget/RadarDiarioWidget.entitlements;
				CODE_SIGN_STYLE = Automatic;
				CURRENT_PROJECT_VERSION = 1;
				ENABLE_PREVIEWS = YES;
				GENERATE_INFOPLIST_FILE = NO;
				INFOPLIST_FILE = Widget/Info.plist;
				IPHONEOS_DEPLOYMENT_TARGET = 17.0;
				LD_RUNPATH_SEARCH_PATHS = "$(inherited) @executable_path/Frameworks @executable_path/../../Frameworks";
				MARKETING_VERSION = 1.0.0;
				PRODUCT_BUNDLE_IDENTIFIER = com.aldenirfilho.antigravity.radar.widget;
				PRODUCT_NAME = "$(TARGET_NAME)";
				SKIP_INSTALL = YES;
				SUPPORTED_PLATFORMS = "iphoneos iphonesimulator";
				SUPPORTS_MACCATALYST = NO;
				SWIFT_EMIT_LOC_STRINGS = YES;
				TARGETED_DEVICE_FAMILY = "1,2";
			};
			name = Release;
		};
/* End XCBuildConfiguration section */

/* Begin XCConfigurationList section */
		L10000000000000000000001 /* Build configuration list for PBXProject "AntigravityRadar" */ = {
			isa = XCConfigurationList;
			buildConfigurations = (
				X10000000000000000000001 /* Debug */,
				X10000000000000000000002 /* Release */,
			);
			defaultConfigurationIsVisible = 0;
			defaultConfigurationName = Release;
		};
		L10000000000000000000002 /* Build configuration list for PBXNativeTarget "AntigravityRadar" */ = {
			isa = XCConfigurationList;
			buildConfigurations = (
				X10000000000000000000003 /* Debug */,
				X10000000000000000000004 /* Release */,
			);
			defaultConfigurationIsVisible = 0;
			defaultConfigurationName = Release;
		};
		L10000000000000000000003 /* Build configuration list for PBXNativeTarget "RadarDiarioWidget" */ = {
			isa = XCConfigurationList;
			buildConfigurations = (
				X20000000000000000000001 /* Debug */,
				X20000000000000000000002 /* Release */,
			);
			defaultConfigurationIsVisible = 0;
			defaultConfigurationName = Release;
		};
/* End XCConfigurationList section */
	};
	rootObject = P10000000000000000000001 /* Project object */;
}
